
Microsoft Visual Studio Solution File, Format Version 12.00
# Visual Studio Version 17
VisualStudioVersion = 17.6.33801.468
MinimumVisualStudioVersion = 10.0.40219.1
Project("{FAE04EC0-301F-11D3-BF4B-00C04F79EFBC}") = "lab5", "lab5.csproj", "{14FBE71E-6D72-4F99-9F83-27021B4ACE3D}"
EndProject
Global
	GlobalSection(SolutionConfigurationPlatforms) = preSolution
		Debug|Any CPU = Debug|Any CPU
		Release|Any CPU = Release|Any CPU
	EndGlobalSection
	GlobalSection(ProjectConfigurationPlatforms) = postSolution
		{14FBE71E-6D72-4F99-9F83-27021B4ACE3D}.Debug|Any CPU.ActiveCfg = Debug|Any CPU
		{14FBE71E-6D72-4F99-9F83-27021B4ACE3D}.Debug|Any CPU.Build.0 = Debug|Any CPU
		{14FBE71E-6D72-4F99-9F83-27021B4ACE3D}.Release|Any CPU.ActiveCfg = Release|Any CPU
		{14FBE71E-6D72-4F99-9F83-27021B4ACE3D}.Release|Any CPU.Build.0 = Release|Any CPU
	EndGlobalSection
	GlobalSection(SolutionProperties) = preSolution
		HideSolutionNode = FALSE
	EndGlobalSection
	GlobalSection(ExtensibilityGlobals) = postSolution
		SolutionGuid = {B9881216-91B5-43C4-8056-BA22E399DE43}
	EndGlobalSection
EndGlobal
